
Microsoft Visual Studio Solution File, Format Version 12.00
# Visual Studio Version 16
VisualStudioVersion = 16.0.29905.134
MinimumVisualStudioVersion = 10.0.40219.1
Project("{FAE04EC0-301F-11D3-BF4B-00C04F79EFBC}") = "LoaderTraker", "LoaderTraker\LoaderTraker.csproj", "{E4759136-85A6-4C33-B379-7799A4AF68C0}"
EndProject
Global
	GlobalSection(SolutionConfigurationPlatforms) = preSolution
		Debug|Any CPU = Debug|Any CPU
		Release|Any CPU = Release|Any CPU
	EndGlobalSection
	GlobalSection(ProjectConfigurationPlatforms) = postSolution
		{E4759136-85A6-4C33-B379-7799A4AF68C0}.Debug|Any CPU.ActiveCfg = Debug|Any CPU
		{E4759136-85A6-4C33-B379-7799A4AF68C0}.Debug|Any CPU.Build.0 = Debug|Any CPU
		{E4759136-85A6-4C33-B379-7799A4AF68C0}.Release|Any CPU.ActiveCfg = Release|Any CPU
		{E4759136-85A6-4C33-B379-7799A4AF68C0}.Release|Any CPU.Build.0 = Release|Any CPU
	EndGlobalSection
	GlobalSection(SolutionProperties) = preSolution
		HideSolutionNode = FALSE
	EndGlobalSection
	GlobalSection(ExtensibilityGlobals) = postSolution
		SolutionGuid = {B28B1E39-FC6E-4CCF-9C63-5208354981B6}
	EndGlobalSection
EndGlobal
